
Microsoft Visual Studio Solution File, Format Version 12.00
# Visual Studio Version 16
VisualStudioVersion = 16.0.30413.136
MinimumVisualStudioVersion = 10.0.40219.1
Project("{FAE04EC0-301F-11D3-BF4B-00C04F79EFBC}") = "LG.AbpTools.Excel2Entity", "LG.AbpTools.Excel2Entity\LG.AbpTools.Excel2Entity.csproj", "{078AB0BE-1350-42D4-A50C-FB69BBF81F29}"
EndProject
Project("{2150E333-8FDC-42A3-9474-1A3956D46DE8}") = "Excel", "Excel", "{BED0C6E5-F4B7-4FC0-A0FA-93C4278ED911}"
EndProject
Project("{2150E333-8FDC-42A3-9474-1A3956D46DE8}") = "VSIX", "VSIX", "{27158732-FD92-4F64-B106-B7EB938BC7B8}"
EndProject
Project("{2150E333-8FDC-42A3-9474-1A3956D46DE8}") = "CodeGenerator", "CodeGenerator", "{6A4821AD-50EA-40DD-BB82-3F7776772006}"
EndProject
Project("{FAE04EC0-301F-11D3-BF4B-00C04F79EFBC}") = "LG.AbpDtoGenerator.CodeAnalysis", "LG.AbpDtoGenerator.CodeAnalysis\LG.AbpDtoGenerator.CodeAnalysis.csproj", "{361BFEB0-6F36-42B9-AF56-FC0926C83AB6}"
EndProject
Project("{FAE04EC0-301F-11D3-BF4B-00C04F79EFBC}") = "LG.AbpDtoGenerator.Common", "LG.AbpDtoGenerator.Common\LG.AbpDtoGenerator.Common.csproj", "{1B09CF3D-76C8-42EF-97D7-643FFF0BE103}"
EndProject
Project("{FAE04EC0-301F-11D3-BF4B-00C04F79EFBC}") = "LG.AbpDtoGenerator.LGFeature", "LG.AbpDtoGenerator.LGFeature\LG.AbpDtoGenerator.LGFeature.csproj", "{F738051D-74E1-4975-9482-3A0DCD9BA568}"
EndProject
Project("{FAE04EC0-301F-11D3-BF4B-00C04F79EFBC}") = "LG.AbpDtoGenerator.Model", "LG.AbpDtoGenerator.Model\LG.AbpDtoGenerator.Model.csproj", "{99859BAF-13A6-4053-9819-682EC63349E3}"
EndProject
Project("{2150E333-8FDC-42A3-9474-1A3956D46DE8}") = "VSIXView", "VSIXView", "{1D9F5BE6-096A-447D-B5D6-C8E3B54F548D}"
EndProject
Project("{FAE04EC0-301F-11D3-BF4B-00C04F79EFBC}") = "LG.AbpDtoGenerator.View", "LG.AbpDtoGenerator\LG.AbpDtoGenerator.View.csproj", "{ED0DDAA4-5908-4836-8B52-B8A8721B14C3}"
EndProject
Global
	GlobalSection(SolutionConfigurationPlatforms) = preSolution
		Debug|Any CPU = Debug|Any CPU
		Release|Any CPU = Release|Any CPU
	EndGlobalSection
	GlobalSection(ProjectConfigurationPlatforms) = postSolution
		{078AB0BE-1350-42D4-A50C-FB69BBF81F29}.Debug|Any CPU.ActiveCfg = Debug|Any CPU
		{078AB0BE-1350-42D4-A50C-FB69BBF81F29}.Debug|Any CPU.Build.0 = Debug|Any CPU
		{078AB0BE-1350-42D4-A50C-FB69BBF81F29}.Release|Any CPU.ActiveCfg = Release|Any CPU
		{078AB0BE-1350-42D4-A50C-FB69BBF81F29}.Release|Any CPU.Build.0 = Release|Any CPU
		{361BFEB0-6F36-42B9-AF56-FC0926C83AB6}.Debug|Any CPU.ActiveCfg = Debug|Any CPU
		{361BFEB0-6F36-42B9-AF56-FC0926C83AB6}.Debug|Any CPU.Build.0 = Debug|Any CPU
		{361BFEB0-6F36-42B9-AF56-FC0926C83AB6}.Release|Any CPU.ActiveCfg = Release|Any CPU
		{361BFEB0-6F36-42B9-AF56-FC0926C83AB6}.Release|Any CPU.Build.0 = Release|Any CPU
		{1B09CF3D-76C8-42EF-97D7-643FFF0BE103}.Debug|Any CPU.ActiveCfg = Debug|Any CPU
		{1B09CF3D-76C8-42EF-97D7-643FFF0BE103}.Debug|Any CPU.Build.0 = Debug|Any CPU
		{1B09CF3D-76C8-42EF-97D7-643FFF0BE103}.Release|Any CPU.ActiveCfg = Release|Any CPU
		{1B09CF3D-76C8-42EF-97D7-643FFF0BE103}.Release|Any CPU.Build.0 = Release|Any CPU
		{F738051D-74E1-4975-9482-3A0DCD9BA568}.Debug|Any CPU.ActiveCfg = Debug|Any CPU
		{F738051D-74E1-4975-9482-3A0DCD9BA568}.Debug|Any CPU.Build.0 = Debug|Any CPU
		{F738051D-74E1-4975-9482-3A0DCD9BA568}.Release|Any CPU.ActiveCfg = Release|Any CPU
		{F738051D-74E1-4975-9482-3A0DCD9BA568}.Release|Any CPU.Build.0 = Release|Any CPU
		{99859BAF-13A6-4053-9819-682EC63349E3}.Debug|Any CPU.ActiveCfg = Debug|Any CPU
		{99859BAF-13A6-4053-9819-682EC63349E3}.Debug|Any CPU.Build.0 = Debug|Any CPU
		{99859BAF-13A6-4053-9819-682EC63349E3}.Release|Any CPU.ActiveCfg = Release|Any CPU
		{99859BAF-13A6-4053-9819-682EC63349E3}.Release|Any CPU.Build.0 = Release|Any CPU
		{ED0DDAA4-5908-4836-8B52-B8A8721B14C3}.Debug|Any CPU.ActiveCfg = Debug|Any CPU
		{ED0DDAA4-5908-4836-8B52-B8A8721B14C3}.Debug|Any CPU.Build.0 = Debug|Any CPU
		{ED0DDAA4-5908-4836-8B52-B8A8721B14C3}.Release|Any CPU.ActiveCfg = Release|Any CPU
		{ED0DDAA4-5908-4836-8B52-B8A8721B14C3}.Release|Any CPU.Build.0 = Release|Any CPU
	EndGlobalSection
	GlobalSection(SolutionProperties) = preSolution
		HideSolutionNode = FALSE
	EndGlobalSection
	GlobalSection(NestedProjects) = preSolution
		{078AB0BE-1350-42D4-A50C-FB69BBF81F29} = {BED0C6E5-F4B7-4FC0-A0FA-93C4278ED911}
		{361BFEB0-6F36-42B9-AF56-FC0926C83AB6} = {6A4821AD-50EA-40DD-BB82-3F7776772006}
		{1B09CF3D-76C8-42EF-97D7-643FFF0BE103} = {6A4821AD-50EA-40DD-BB82-3F7776772006}
		{F738051D-74E1-4975-9482-3A0DCD9BA568} = {6A4821AD-50EA-40DD-BB82-3F7776772006}
		{99859BAF-13A6-4053-9819-682EC63349E3} = {6A4821AD-50EA-40DD-BB82-3F7776772006}
		{ED0DDAA4-5908-4836-8B52-B8A8721B14C3} = {1D9F5BE6-096A-447D-B5D6-C8E3B54F548D}
	EndGlobalSection
	GlobalSection(ExtensibilityGlobals) = postSolution
		SolutionGuid = {258FCAC3-8733-4AF6-89A4-8665A24C8A4B}
	EndGlobalSection
EndGlobal
